
Microsoft Visual Studio Solution File, Format Version 12.00
# Visual Studio Version 17
VisualStudioVersion = 17.3.32922.545
MinimumVisualStudioVersion = 10.0.40219.1
Project("{FAE04EC0-301F-11D3-BF4B-00C04F79EFBC}") = "lab7", "lab7\lab7.csproj", "{93824DDD-A12D-4257-9F10-09A27E082BCB}"
EndProject
Global
	GlobalSection(SolutionConfigurationPlatforms) = preSolution
		Debug|Any CPU = Debug|Any CPU
		Release|Any CPU = Release|Any CPU
	EndGlobalSection
	GlobalSection(ProjectConfigurationPlatforms) = postSolution
		{93824DDD-A12D-4257-9F10-09A27E082BCB}.Debug|Any CPU.ActiveCfg = Debug|Any CPU
		{93824DDD-A12D-4257-9F10-09A27E082BCB}.Debug|Any CPU.Build.0 = Debug|Any CPU
		{93824DDD-A12D-4257-9F10-09A27E082BCB}.Release|Any CPU.ActiveCfg = Release|Any CPU
		{93824DDD-A12D-4257-9F10-09A27E082BCB}.Release|Any CPU.Build.0 = Release|Any CPU
	EndGlobalSection
	GlobalSection(SolutionProperties) = preSolution
		HideSolutionNode = FALSE
	EndGlobalSection
	GlobalSection(ExtensibilityGlobals) = postSolution
		SolutionGuid = {01B69950-48CE-4BFA-97BB-A4ED7A112591}
	EndGlobalSection
EndGlobal
